// !$*UTF8*$!
{
	archiveVersion = 1;
	classes = {
	};
	objectVersion = 46;
	objects = {

/* Begin PBXBuildFile section */
		FCE2EEBE19BDEC0100B8E354 /* main.m in Sources */ = {isa = PBXBuildFile; fileRef = FCE2EEBD19BDEC0100B8E354 /* main.m */; };
		FCE2EEC119BDEC0100B8E354 /* AppDelegate.m in Sources */ = {isa = PBXBuildFile; fileRef = FCE2EEC019BDEC0100B8E354 /* AppDelegate.m */; };
		FCE2EEC419BDEC0100B8E354 /* ViewController.m in Sources */ = {isa = PBXBuildFile; fileRef = FCE2EEC319BDEC0100B8E354 /* ViewController.m */; };
		FCE2EEC719BDEC0100B8E354 /* Main.storyboard in Resources */ = {isa = PBXBuildFile; fileRef = FCE2EEC519BDEC0100B8E354 /* Main.storyboard */; };
		FCE2EEC919BDEC0100B8E354 /* Images.xcassets in Resources */ = {isa = PBXBuildFile; fileRef = FCE2EEC819BDEC0100B8E354 /* Images.xcassets */; };
		FCE2EED519BDEC0100B8E354 /* ManagerTests.m in Sources */ = {isa = PBXBuildFile; fileRef = FCE2EED419BDEC0100B8E354 /* ManagerTests.m */; };
/* End PBXBuildFile section */

/* Begin PBXContainerItemProxy section */
		FCE2EECF19BDEC0100B8E354 /* PBXContainerItemProxy */ = {
			isa = PBXContainerItemProxy;
			containerPortal = FCE2EEB019BDEC0100B8E354 /* Project object */;
			proxyType = 1;
			remoteGlobalIDString = FCE2EEB719BDEC0100B8E354;
			remoteInfo = Manager;
		};
/* End PBXContainerItemProxy section */

/* Begin PBXFileReference section */
		FCE2EEB819BDEC0100B8E354 /* Manager.app */ = {isa = PBXFileReference; explicitFileType = wrapper.application; includeInIndex = 0; path = Manager.app; sourceTree = BUILT_PRODUCTS_DIR; };
		FCE2EEBC19BDEC0100B8E354 /* Info.plist */ = {isa = PBXFileReference; lastKnownFileType = text.plist.xml; path = Info.plist; sourceTree = "<group>"; };
		FCE2EEBD19BDEC0100B8E354 /* main.m */ = {isa = PBXFileReference; lastKnownFileType = sourcecode.c.objc; path = main.m; sourceTree = "<group>"; };
		FCE2EEBF19BDEC0100B8E354 /* AppDelegate.h */ = {isa = PBXFileReference; lastKnownFileType = sourcecode.c.h; path = AppDelegate.h; sourceTree = "<group>"; };
		FCE2EEC019BDEC0100B8E354 /* AppDelegate.m */ = {isa = PBXFileReference; lastKnownFileType = sourcecode.c.objc; path = AppDelegate.m; sourceTree = "<group>"; };
		FCE2EEC219BDEC0100B8E354 /* ViewController.h */ = {isa = PBXFileReference; lastKnownFileType = sourcecode.c.h; path = ViewController.h; sourceTree = "<group>"; };
		FCE2EEC319BDEC0100B8E354 /* ViewController.m */ = {isa = PBXFileReference; lastKnownFileType = sourcecode.c.objc; path = ViewController.m; sourceTree = "<group>"; };
		FCE2EEC619BDEC0100B8E354 /* Base */ = {isa = PBXFileReference; lastKnownFileType = file.storyboard; name = Base; path = Base.lproj/Main.storyboard; sourceTree = "<group>"; };
		FCE2EEC819BDEC0100B8E354 /* Images.xcassets */ = {isa = PBXFileReference; lastKnownFileType = folder.assetcatalog; path = Images.xcassets; sourceTree = "<group>"; };
		FCE2EECE19BDEC0100B8E354 /* ManagerTests.xctest */ = {isa = PBXFileReference; explicitFileType = wrapper.cfbundle; includeInIndex = 0; path = ManagerTests.xctest; sourceTree = BUILT_PRODUCTS_DIR; };
		FCE2EED319BDEC0100B8E354 /* Info.plist */ = {isa = PBXFileReference; lastKnownFileType = text.plist.xml; path = Info.plist; sourceTree = "<group>"; };
		FCE2EED419BDEC0100B8E354 /* ManagerTests.m */ = {isa = PBXFileReference; lastKnownFileType = sourcecode.c.objc; path = ManagerTests.m; sourceTree = "<group>"; };
/* End PBXFileReference section */

/* Begin PBXFrameworksBuildPhase section */
		FCE2EEB519BDEC0100B8E354 /* Frameworks */ = {
			isa = PBXFrameworksBuildPhase;
			buildActionMask = 2147483647;
			files = (
			);
			runOnlyForDeploymentPostprocessing = 0;
		};
		FCE2EECB19BDEC0100B8E354 /* Frameworks */ = {
			isa = PBXFrameworksBuildPhase;
			buildActionMask = 2147483647;
			files = (
			);
			runOnlyForDeploymentPostprocessing = 0;
		};
/* End PBXFrameworksBuildPhase section */

/* Begin PBXGroup section */
		FCE2EEAF19BDEC0000B8E354 = {
			isa = PBXGroup;
			children = (
				FCE2EEBA19BDEC0100B8E354 /* Manager */,
				FCE2EED119BDEC0100B8E354 /* ManagerTests */,
				FCE2EEB919BDEC0100B8E354 /* Products */,
			);
			sourceTree = "<group>";
		};
		FCE2EEB919BDEC0100B8E354 /* Products */ = {
			isa = PBXGroup;
			children = (
				FCE2EEB819BDEC0100B8E354 /* Manager.app */,
				FCE2EECE19BDEC0100B8E354 /* ManagerTests.xctest */,
			);
			name = Products;
			sourceTree = "<group>";
		};
		FCE2EEBA19BDEC0100B8E354 /* Manager */ = {
			isa = PBXGroup;
			children = (
				FCE2EEC219BDEC0100B8E354 /* ViewController.h */,
				FCE2EEC319BDEC0100B8E354 /* ViewController.m */,
				FCE2EEC519BDEC0100B8E354 /* Main.storyboard */,
				FCE2EEC819BDEC0100B8E354 /* Images.xcassets */,
				FCE2EEBB19BDEC0100B8E354 /* Supporting Files */,
			);
			path = Manager;
			sourceTree = "<group>";
		};
		FCE2EEBB19BDEC0100B8E354 /* Supporting Files */ = {
			isa = PBXGroup;
			children = (
				FCE2EEBF19BDEC0100B8E354 /* AppDelegate.h */,
				FCE2EEC019BDEC0100B8E354 /* AppDelegate.m */,
				FCE2EEBC19BDEC0100B8E354 /* Info.plist */,
				FCE2EEBD19BDEC0100B8E354 /* main.m */,
			);
			name = "Supporting Files";
			sourceTree = "<group>";
		};
		FCE2EED119BDEC0100B8E354 /* ManagerTests */ = {
			isa = PBXGroup;
			children = (
				FCE2EED419BDEC0100B8E354 /* ManagerTests.m */,
				FCE2EED219BDEC0100B8E354 /* Supporting Files */,
			);
			path = ManagerTests;
			sourceTree = "<group>";
		};
		FCE2EED219BDEC0100B8E354 /* Supporting Files */ = {
			isa = PBXGroup;
			children = (
				FCE2EED319BDEC0100B8E354 /* Info.plist */,
			);
			name = "Supporting Files";
			sourceTree = "<group>";
		};
/* End PBXGroup section */

/* Begin PBXNativeTarget section */
		FCE2EEB719BDEC0100B8E354 /* Manager */ = {
			isa = PBXNativeTarget;
			buildConfigurationList = FCE2EED819BDEC0100B8E354 /* Build configuration list for PBXNativeTarget "Manager" */;
			buildPhases = (
				FCE2EEB419BDEC0100B8E354 /* Sources */,
				FCE2EEB519BDEC0100B8E354 /* Frameworks */,
				FCE2EEB619BDEC0100B8E354 /* Resources */,
			);
			buildRules = (
			);
			dependencies = (
			);
			name = Manager;
			productName = Manager;
			productReference = FCE2EEB819BDEC0100B8E354 /* Manager.app */;
			productType = "com.apple.product-type.application";
		};
		FCE2EECD19BDEC0100B8E354 /* ManagerTests */ = {
			isa = PBXNativeTarget;
			buildConfigurationList = FCE2EEDB19BDEC0100B8E354 /* Build configuration list for PBXNativeTarget "ManagerTests" */;
			buildPhases = (
				FCE2EECA19BDEC0100B8E354 /* Sources */,
				FCE2EECB19BDEC0100B8E354 /* Frameworks */,
				FCE2EECC19BDEC0100B8E354 /* Resources */,
			);
			buildRules = (
			);
			dependencies = (
				FCE2EED019BDEC0100B8E354 /* PBXTargetDependency */,
			);
			name = ManagerTests;
			productName = ManagerTests;
			productReference = FCE2EECE19BDEC0100B8E354 /* ManagerTests.xctest */;
			productType = "com.apple.product-type.bundle.unit-test";
		};
/* End PBXNativeTarget section */

/* Begin PBXProject section */
		FCE2EEB019BDEC0100B8E354 /* Project object */ = {
			isa = PBXProject;
			attributes = {
				LastUpgradeCheck = 0600;
				ORGANIZATIONNAME = "Dylan Lewis";
				TargetAttributes = {
					FCE2EEB719BDEC0100B8E354 = {
						CreatedOnToolsVersion = 6.0;
					};
					FCE2EECD19BDEC0100B8E354 = {
						CreatedOnToolsVersion = 6.0;
						TestTargetID = FCE2EEB719BDEC0100B8E354;
					};
				};
			};
			buildConfigurationList = FCE2EEB319BDEC0100B8E354 /* Build configuration list for PBXProject "Manager" */;
			compatibilityVersion = "Xcode 3.2";
			developmentRegion = English;
			hasScannedForEncodings = 0;
			knownRegions = (
				en,
				Base,
			);
			mainGroup = FCE2EEAF19BDEC0000B8E354;
			productRefGroup = FCE2EEB919BDEC0100B8E354 /* Products */;
			projectDirPath = "";
			projectRoot = "";
			targets = (
				FCE2EEB719BDEC0100B8E354 /* Manager */,
				FCE2EECD19BDEC0100B8E354 /* ManagerTests */,
			);
		};
/* End PBXProject section */

/* Begin PBXResourcesBuildPhase section */
		FCE2EEB619BDEC0100B8E354 /* Resources */ = {
			isa = PBXResourcesBuildPhase;
			buildActionMask = 2147483647;
			files = (
				FCE2EEC719BDEC0100B8E354 /* Main.storyboard in Resources */,
				FCE2EEC919BDEC0100B8E354 /* Images.xcassets in Resources */,
			);
			runOnlyForDeploymentPostprocessing = 0;
		};
		FCE2EECC19BDEC0100B8E354 /* Resources */ = {
			isa = PBXResourcesBuildPhase;
			buildActionMask = 2147483647;
			files = (
			);
			runOnlyForDeploymentPostprocessing = 0;
		};
/* End PBXResourcesBuildPhase section */

/* Begin PBXSourcesBuildPhase section */
		FCE2EEB419BDEC0100B8E354 /* Sources */ = {
			isa = PBXSourcesBuildPhase;
			buildActionMask = 2147483647;
			files = (
				FCE2EEC419BDEC0100B8E354 /* ViewController.m in Sources */,
				FCE2EEC119BDEC0100B8E354 /* AppDelegate.m in Sources */,
				FCE2EEBE19BDEC0100B8E354 /* main.m in Sources */,
			);
			runOnlyForDeploymentPostprocessing = 0;
		};
		FCE2EECA19BDEC0100B8E354 /* Sources */ = {
			isa = PBXSourcesBuildPhase;
			buildActionMask = 2147483647;
			files = (
				FCE2EED519BDEC0100B8E354 /* ManagerTests.m in Sources */,
			);
			runOnlyForDeploymentPostprocessing = 0;
		};
/* End PBXSourcesBuildPhase section */

/* Begin PBXTargetDependency section */
		FCE2EED019BDEC0100B8E354 /* PBXTargetDependency */ = {
			isa = PBXTargetDependency;
			target = FCE2EEB719BDEC0100B8E354 /* Manager */;
			targetProxy = FCE2EECF19BDEC0100B8E354 /* PBXContainerItemProxy */;
		};
/* End PBXTargetDependency section */

/* Begin PBXVariantGroup section */
		FCE2EEC519BDEC0100B8E354 /* Main.storyboard */ = {
			isa = PBXVariantGroup;
			children = (
				FCE2EEC619BDEC0100B8E354 /* Base */,
			);
			name = Main.storyboard;
			sourceTree = "<group>";
		};
/* End PBXVariantGroup section */

/* Begin XCBuildConfiguration section */
		FCE2EED619BDEC0100B8E354 /* Debug */ = {
			isa = XCBuildConfiguration;
			buildSettings = {
				ALWAYS_SEARCH_USER_PATHS = NO;
				CLANG_CXX_LANGUAGE_STANDARD = "gnu++0x";
				CLANG_CXX_LIBRARY = "libc++";
				CLANG_ENABLE_MODULES = YES;
				CLANG_ENABLE_OBJC_ARC = YES;
				CLANG_WARN_BOOL_CONVERSION = YES;
				CLANG_WARN_CONSTANT_CONVERSION = YES;
				CLANG_WARN_DIRECT_OBJC_ISA_USAGE = YES_ERROR;
				CLANG_WARN_EMPTY_BODY = YES;
				CLANG_WARN_ENUM_CONVERSION = YES;
				CLANG_WARN_INT_CONVERSION = YES;
				CLANG_WARN_OBJC_ROOT_CLASS = YES_ERROR;
				CLANG_WARN_UNREACHABLE_CODE = YES;
				CLANG_WARN__DUPLICATE_METHOD_MATCH = YES;
				"CODE_SIGN_IDENTITY[sdk=iphoneos*]" = "iPhone Developer";
				COPY_PHASE_STRIP = NO;
				ENABLE_STRICT_OBJC_MSGSEND = YES;
				GCC_C_LANGUAGE_STANDARD = gnu99;
				GCC_DYNAMIC_NO_PIC = NO;
				GCC_OPTIMIZATION_LEVEL = 0;
				GCC_PREPROCESSOR_DEFINITIONS = (
					"DEBUG=1",
					"$(inherited)",
				);
				GCC_SYMBOLS_PRIVATE_EXTERN = NO;
				GCC_WARN_64_TO_32_BIT_CONVERSION = YES;
				GCC_WARN_ABOUT_RETURN_TYPE = YES_ERROR;
				GCC_WARN_UNDECLARED_SELECTOR = YES;
				GCC_WARN_UNINITIALIZED_AUTOS = YES_AGGRESSIVE;
				GCC_WARN_UNUSED_FUNCTION = YES;
				GCC_WARN_UNUSED_VARIABLE = YES;
				IPHONEOS_DEPLOYMENT_TARGET = 8.0;
				MTL_ENABLE_DEBUG_INFO = YES;
				ONLY_ACTIVE_ARCH = YES;
				SDKROOT = iphoneos;
			};
			name = Debug;
		};
		FCE2EED719BDEC0100B8E354 /* Release */ = {
			isa = XCBuildConfiguration;
			buildSettings = {
				ALWAYS_SEARCH_USER_PATHS = NO;
				CLANG_CXX_LANGUAGE_STANDARD = "gnu++0x";
				CLANG_CXX_LIBRARY = "libc++";
				CLANG_ENABLE_MODULES = YES;
				CLANG_ENABLE_OBJC_ARC = YES;
				CLANG_WARN_BOOL_CONVERSION = YES;
				CLANG_WARN_CONSTANT_CONVERSION = YES;
				CLANG_WARN_DIRECT_OBJC_ISA_USAGE = YES_ERROR;
				CLANG_WARN_EMPTY_BODY = YES;
				CLANG_WARN_ENUM_CONVERSION = YES;
				CLANG_WARN_INT_CONVERSION = YES;
				CLANG_WARN_OBJC_ROOT_CLASS = YES_ERROR;
				CLANG_WARN_UNREACHABLE_CODE = YES;
				CLANG_WARN__DUPLICATE_METHOD_MATCH = YES;
				"CODE_SIGN_IDENTITY[sdk=iphoneos*]" = "iPhone Developer";
				COPY_PHASE_STRIP = YES;
				ENABLE_NS_ASSERTIONS = NO;
				ENABLE_STRICT_OBJC_MSGSEND = YES;
				GCC_C_LANGUAGE_STANDARD = gnu99;
				GCC_WARN_64_TO_32_BIT_CONVERSION = YES;
				GCC_WARN_ABOUT_RETURN_TYPE = YES_ERROR;
				GCC_WARN_UNDECLARED_SELECTOR = YES;
				GCC_WARN_UNINITIALIZED_AUTOS = YES_AGGRESSIVE;
				GCC_WARN_UNUSED_FUNCTION = YES;
				GCC_WARN_UNUSED_VARIABLE = YES;
				IPHONEOS_DEPLOYMENT_TARGET = 8.0;
				MTL_ENABLE_DEBUG_INFO = NO;
				SDKROOT = iphoneos;
				VALIDATE_PRODUCT = YES;
			};
			name = Release;
		};
		FCE2EED919BDEC0100B8E354 /* Debug */ = {
			isa = XCBuildConfiguration;
			buildSettings = {
				ASSETCATALOG_COMPILER_APPICON_NAME = AppIcon;
				ASSETCATALOG_COMPILER_LAUNCHIMAGE_NAME = LaunchImage;
				INFOPLIST_FILE = Manager/Info.plist;
				LD_RUNPATH_SEARCH_PATHS = "$(inherited) @executable_path/Frameworks";
				PRODUCT_NAME = "$(TARGET_NAME)";
			};
			name = Debug;
		};
		FCE2EEDA19BDEC0100B8E354 /* Release */ = {
			isa = XCBuildConfiguration;
			buildSettings = {
				ASSETCATALOG_COMPILER_APPICON_NAME = AppIcon;
				ASSETCATALOG_COMPILER_LAUNCHIMAGE_NAME = LaunchImage;
				INFOPLIST_FILE = Manager/Info.plist;
				LD_RUNPATH_SEARCH_PATHS = "$(inherited) @executable_path/Frameworks";
				PRODUCT_NAME = "$(TARGET_NAME)";
			};
			name = Release;
		};
		FCE2EEDC19BDEC0100B8E354 /* Debug */ = {
			isa = XCBuildConfiguration;
			buildSettings = {
				BUNDLE_LOADER = "$(TEST_HOST)";
				FRAMEWORK_SEARCH_PATHS = (
					"$(SDKROOT)/Developer/Library/Frameworks",
					"$(inherited)",
				);
				GCC_PREPROCESSOR_DEFINITIONS = (
					"DEBUG=1",
					"$(inherited)",
				);
				INFOPLIST_FILE = ManagerTests/Info.plist;
				LD_RUNPATH_SEARCH_PATHS = "$(inherited) @executable_path/Frameworks @loader_path/Frameworks";
				PRODUCT_NAME = "$(TARGET_NAME)";
				TEST_HOST = "$(BUILT_PRODUCTS_DIR)/Manager.app/Manager";
			};
			name = Debug;
		};
		FCE2EEDD19BDEC0100B8E354 /* Release */ = {
			isa = XCBuildConfiguration;
			buildSettings = {
				BUNDLE_LOADER = "$(TEST_HOST)";
				FRAMEWORK_SEARCH_PATHS = (
					"$(SDKROOT)/Developer/Library/Frameworks",
					"$(inherited)",
				);
				INFOPLIST_FILE = ManagerTests/Info.plist;
				LD_RUNPATH_SEARCH_PATHS = "$(inherited) @executable_path/Frameworks @loader_path/Frameworks";
				PRODUCT_NAME = "$(TARGET_NAME)";
				TEST_HOST = "$(BUILT_PRODUCTS_DIR)/Manager.app/Manager";
			};
			name = Release;
		};
/* End XCBuildConfiguration section */

/* Begin XCConfigurationList section */
		FCE2EEB319BDEC0100B8E354 /* Build configuration list for PBXProject "Manager" */ = {
			isa = XCConfigurationList;
			buildConfigurations = (
				FCE2EED619BDEC0100B8E354 /* Debug */,
				FCE2EED719BDEC0100B8E354 /* Release */,
			);
			defaultConfigurationIsVisible = 0;
			defaultConfigurationName = Release;
		};
		FCE2EED819BDEC0100B8E354 /* Build configuration list for PBXNativeTarget "Manager" */ = {
			isa = XCConfigurationList;
			buildConfigurations = (
				FCE2EED919BDEC0100B8E354 /* Debug */,
				FCE2EEDA19BDEC0100B8E354 /* Release */,
			);
			defaultConfigurationIsVisible = 0;
		};
		FCE2EEDB19BDEC0100B8E354 /* Build configuration list for PBXNativeTarget "ManagerTests" */ = {
			isa = XCConfigurationList;
			buildConfigurations = (
				FCE2EEDC19BDEC0100B8E354 /* Debug */,
				FCE2EEDD19BDEC0100B8E354 /* Release */,
			);
			defaultConfigurationIsVisible = 0;
		};
/* End XCConfigurationList section */
	};
	rootObject = FCE2EEB019BDEC0100B8E354 /* Project object */;
}
