// !$*UTF8*$!
{
	archiveVersion = 1;
	classes = {
	};
	objectVersion = 46;
	objects = {

/* Begin PBXBuildFile section */
		FC35007A19F57E0500A71D8B /* Bolts.framework in Frameworks */ = {isa = PBXBuildFile; fileRef = FC35007719F57E0500A71D8B /* Bolts.framework */; };
		FC35007B19F57E0500A71D8B /* Parse.framework in Frameworks */ = {isa = PBXBuildFile; fileRef = FC35007819F57E0500A71D8B /* Parse.framework */; };
		FC35007C19F57E0500A71D8B /* ParseFacebookUtils.framework in Frameworks */ = {isa = PBXBuildFile; fileRef = FC35007919F57E0500A71D8B /* ParseFacebookUtils.framework */; };
		FC47A3301A0B9254002F7D7D /* ViewOrderViewController.m in Sources */ = {isa = PBXBuildFile; fileRef = FC47A32D1A0B9254002F7D7D /* ViewOrderViewController.m */; };
		FC47A3311A0B9254002F7D7D /* OrderItemTableViewCell.m in Sources */ = {isa = PBXBuildFile; fileRef = FC47A32F1A0B9254002F7D7D /* OrderItemTableViewCell.m */; };
		FC91486E19D1B623008E1343 /* AddCourseViewController.m in Sources */ = {isa = PBXBuildFile; fileRef = FC91486D19D1B623008E1343 /* AddCourseViewController.m */; };
		FC91487119D1BBE9008E1343 /* CourseTableViewCell.m in Sources */ = {isa = PBXBuildFile; fileRef = FC91487019D1BBE9008E1343 /* CourseTableViewCell.m */; };
		FC91487419D1C338008E1343 /* AddDishViewController.m in Sources */ = {isa = PBXBuildFile; fileRef = FC91487319D1C338008E1343 /* AddDishViewController.m */; };
		FC91487719D1C3D4008E1343 /* DishTableViewCell.m in Sources */ = {isa = PBXBuildFile; fileRef = FC91487619D1C3D4008E1343 /* DishTableViewCell.m */; };
		FC91487A19D42303008E1343 /* DishOptionTableViewCell.m in Sources */ = {isa = PBXBuildFile; fileRef = FC91487919D42303008E1343 /* DishOptionTableViewCell.m */; };
		FCAE169C19E2C320002C698F /* EditDishViewController.m in Sources */ = {isa = PBXBuildFile; fileRef = FCAE169B19E2C320002C698F /* EditDishViewController.m */; };
		FCB367591A0BABDC00947A3F /* Bolts.framework in Frameworks */ = {isa = PBXBuildFile; fileRef = FCE2EEF019BDED5200B8E354 /* Bolts.framework */; };
		FCB3675A1A0BABDC00947A3F /* Parse.framework in Frameworks */ = {isa = PBXBuildFile; fileRef = FCE2EEF119BDED5200B8E354 /* Parse.framework */; };
		FCB3675B1A0BABDC00947A3F /* ParseFacebookUtils.framework in Frameworks */ = {isa = PBXBuildFile; fileRef = FCE2EEF219BDED5200B8E354 /* ParseFacebookUtils.framework */; };
		FCB3675C1A0BABDC00947A3F /* SystemConfiguration.framework in Frameworks */ = {isa = PBXBuildFile; fileRef = FCE2EEEE19BDED4700B8E354 /* SystemConfiguration.framework */; };
		FCB3675D1A0BABDC00947A3F /* StoreKit.framework in Frameworks */ = {isa = PBXBuildFile; fileRef = FCE2EEEC19BDED3F00B8E354 /* StoreKit.framework */; };
		FCB3675E1A0BABDC00947A3F /* Security.framework in Frameworks */ = {isa = PBXBuildFile; fileRef = FCE2EEEA19BDED3B00B8E354 /* Security.framework */; };
		FCB3675F1A0BABDC00947A3F /* QuartzCore.framework in Frameworks */ = {isa = PBXBuildFile; fileRef = FCE2EEE819BDED3400B8E354 /* QuartzCore.framework */; };
		FCB367601A0BABDC00947A3F /* MobileCoreServices.framework in Frameworks */ = {isa = PBXBuildFile; fileRef = FCE2EEE619BDED3000B8E354 /* MobileCoreServices.framework */; };
		FCB367611A0BABDC00947A3F /* CoreLocation.framework in Frameworks */ = {isa = PBXBuildFile; fileRef = FCE2EEE419BDED2400B8E354 /* CoreLocation.framework */; };
		FCB367621A0BABDC00947A3F /* CoreGraphics.framework in Frameworks */ = {isa = PBXBuildFile; fileRef = FCE2EEE219BDED2000B8E354 /* CoreGraphics.framework */; };
		FCB367631A0BABDC00947A3F /* CFNetwork.framework in Frameworks */ = {isa = PBXBuildFile; fileRef = FCE2EEE019BDED1A00B8E354 /* CFNetwork.framework */; };
		FCB367641A0BABDC00947A3F /* AudioToolbox.framework in Frameworks */ = {isa = PBXBuildFile; fileRef = FCE2EEDE19BDED1500B8E354 /* AudioToolbox.framework */; };
		FCCF931419DEC2D500C2F3F2 /* UIColor+ApplicationColours.m in Sources */ = {isa = PBXBuildFile; fileRef = FCCF931319DEC2D500C2F3F2 /* UIColor+ApplicationColours.m */; };
		FCE2EEBE19BDEC0100B8E354 /* main.m in Sources */ = {isa = PBXBuildFile; fileRef = FCE2EEBD19BDEC0100B8E354 /* main.m */; };
		FCE2EEC119BDEC0100B8E354 /* AppDelegate.m in Sources */ = {isa = PBXBuildFile; fileRef = FCE2EEC019BDEC0100B8E354 /* AppDelegate.m */; };
		FCE2EEC719BDEC0100B8E354 /* Main.storyboard in Resources */ = {isa = PBXBuildFile; fileRef = FCE2EEC519BDEC0100B8E354 /* Main.storyboard */; };
		FCE2EEC919BDEC0100B8E354 /* Images.xcassets in Resources */ = {isa = PBXBuildFile; fileRef = FCE2EEC819BDEC0100B8E354 /* Images.xcassets */; };
		FCE2EED519BDEC0100B8E354 /* ManagerTests.m in Sources */ = {isa = PBXBuildFile; fileRef = FCE2EED419BDEC0100B8E354 /* ManagerTests.m */; };
		FCE2EEDF19BDED1500B8E354 /* AudioToolbox.framework in Frameworks */ = {isa = PBXBuildFile; fileRef = FCE2EEDE19BDED1500B8E354 /* AudioToolbox.framework */; };
		FCE2EEE119BDED1A00B8E354 /* CFNetwork.framework in Frameworks */ = {isa = PBXBuildFile; fileRef = FCE2EEE019BDED1A00B8E354 /* CFNetwork.framework */; };
		FCE2EEE319BDED2000B8E354 /* CoreGraphics.framework in Frameworks */ = {isa = PBXBuildFile; fileRef = FCE2EEE219BDED2000B8E354 /* CoreGraphics.framework */; };
		FCE2EEE519BDED2400B8E354 /* CoreLocation.framework in Frameworks */ = {isa = PBXBuildFile; fileRef = FCE2EEE419BDED2400B8E354 /* CoreLocation.framework */; };
		FCE2EEE719BDED3000B8E354 /* MobileCoreServices.framework in Frameworks */ = {isa = PBXBuildFile; fileRef = FCE2EEE619BDED3000B8E354 /* MobileCoreServices.framework */; };
		FCE2EEE919BDED3400B8E354 /* QuartzCore.framework in Frameworks */ = {isa = PBXBuildFile; fileRef = FCE2EEE819BDED3400B8E354 /* QuartzCore.framework */; };
		FCE2EEEB19BDED3B00B8E354 /* Security.framework in Frameworks */ = {isa = PBXBuildFile; fileRef = FCE2EEEA19BDED3B00B8E354 /* Security.framework */; };
		FCE2EEED19BDED3F00B8E354 /* StoreKit.framework in Frameworks */ = {isa = PBXBuildFile; fileRef = FCE2EEEC19BDED3F00B8E354 /* StoreKit.framework */; };
		FCE2EEEF19BDED4700B8E354 /* SystemConfiguration.framework in Frameworks */ = {isa = PBXBuildFile; fileRef = FCE2EEEE19BDED4700B8E354 /* SystemConfiguration.framework */; };
		FCE2EEF919BDEE5500B8E354 /* LoginViewController.m in Sources */ = {isa = PBXBuildFile; fileRef = FCE2EEF819BDEE5500B8E354 /* LoginViewController.m */; };
		FCE2EEFC19BDEE6800B8E354 /* SignupViewController.m in Sources */ = {isa = PBXBuildFile; fileRef = FCE2EEFB19BDEE6800B8E354 /* SignupViewController.m */; };
		FCE2EF0319BDEECF00B8E354 /* CourseViewController.m in Sources */ = {isa = PBXBuildFile; fileRef = FCE2EF0219BDEECF00B8E354 /* CourseViewController.m */; };
		FCE2EF0619BDEF7D00B8E354 /* DishViewController.m in Sources */ = {isa = PBXBuildFile; fileRef = FCE2EF0519BDEF7D00B8E354 /* DishViewController.m */; };
		FCE2EF0A19BDEFE800B8E354 /* OverviewViewController.m in Sources */ = {isa = PBXBuildFile; fileRef = FCE2EF0919BDEFE800B8E354 /* OverviewViewController.m */; };
		FCE2EF1119BF42F600B8E354 /* SettingsViewController.m in Sources */ = {isa = PBXBuildFile; fileRef = FCE2EF1019BF42F600B8E354 /* SettingsViewController.m */; };
		FCE2EF1519BF609200B8E354 /* WaiterViewController.m in Sources */ = {isa = PBXBuildFile; fileRef = FCE2EF1419BF609200B8E354 /* WaiterViewController.m */; };
		FCED176D19E434B9002C689D /* OrderTableViewCell.m in Sources */ = {isa = PBXBuildFile; fileRef = FCED176C19E434B9002C689D /* OrderTableViewCell.m */; };
/* End PBXBuildFile section */

/* Begin PBXContainerItemProxy section */
		FCE2EECF19BDEC0100B8E354 /* PBXContainerItemProxy */ = {
			isa = PBXContainerItemProxy;
			containerPortal = FCE2EEB019BDEC0100B8E354 /* Project object */;
			proxyType = 1;
			remoteGlobalIDString = FCE2EEB719BDEC0100B8E354;
			remoteInfo = Manager;
		};
/* End PBXContainerItemProxy section */

/* Begin PBXFileReference section */
		FC35007719F57E0500A71D8B /* Bolts.framework */ = {isa = PBXFileReference; lastKnownFileType = wrapper.framework; path = Bolts.framework; sourceTree = "<group>"; };
		FC35007819F57E0500A71D8B /* Parse.framework */ = {isa = PBXFileReference; lastKnownFileType = wrapper.framework; path = Parse.framework; sourceTree = "<group>"; };
		FC35007919F57E0500A71D8B /* ParseFacebookUtils.framework */ = {isa = PBXFileReference; lastKnownFileType = wrapper.framework; path = ParseFacebookUtils.framework; sourceTree = "<group>"; };
		FC47A32C1A0B9254002F7D7D /* ViewOrderViewController.h */ = {isa = PBXFileReference; fileEncoding = 4; lastKnownFileType = sourcecode.c.h; path = ViewOrderViewController.h; sourceTree = "<group>"; };
		FC47A32D1A0B9254002F7D7D /* ViewOrderViewController.m */ = {isa = PBXFileReference; fileEncoding = 4; lastKnownFileType = sourcecode.c.objc; path = ViewOrderViewController.m; sourceTree = "<group>"; };
		FC47A32E1A0B9254002F7D7D /* OrderItemTableViewCell.h */ = {isa = PBXFileReference; fileEncoding = 4; lastKnownFileType = sourcecode.c.h; path = OrderItemTableViewCell.h; sourceTree = "<group>"; };
		FC47A32F1A0B9254002F7D7D /* OrderItemTableViewCell.m */ = {isa = PBXFileReference; fileEncoding = 4; lastKnownFileType = sourcecode.c.objc; path = OrderItemTableViewCell.m; sourceTree = "<group>"; };
		FC91486C19D1B623008E1343 /* AddCourseViewController.h */ = {isa = PBXFileReference; fileEncoding = 4; lastKnownFileType = sourcecode.c.h; path = AddCourseViewController.h; sourceTree = "<group>"; };
		FC91486D19D1B623008E1343 /* AddCourseViewController.m */ = {isa = PBXFileReference; fileEncoding = 4; lastKnownFileType = sourcecode.c.objc; path = AddCourseViewController.m; sourceTree = "<group>"; };
		FC91486F19D1BBE9008E1343 /* CourseTableViewCell.h */ = {isa = PBXFileReference; fileEncoding = 4; lastKnownFileType = sourcecode.c.h; path = CourseTableViewCell.h; sourceTree = "<group>"; };
		FC91487019D1BBE9008E1343 /* CourseTableViewCell.m */ = {isa = PBXFileReference; fileEncoding = 4; lastKnownFileType = sourcecode.c.objc; path = CourseTableViewCell.m; sourceTree = "<group>"; };
		FC91487219D1C338008E1343 /* AddDishViewController.h */ = {isa = PBXFileReference; fileEncoding = 4; lastKnownFileType = sourcecode.c.h; path = AddDishViewController.h; sourceTree = "<group>"; };
		FC91487319D1C338008E1343 /* AddDishViewController.m */ = {isa = PBXFileReference; fileEncoding = 4; lastKnownFileType = sourcecode.c.objc; path = AddDishViewController.m; sourceTree = "<group>"; };
		FC91487519D1C3D4008E1343 /* DishTableViewCell.h */ = {isa = PBXFileReference; fileEncoding = 4; lastKnownFileType = sourcecode.c.h; path = DishTableViewCell.h; sourceTree = "<group>"; };
		FC91487619D1C3D4008E1343 /* DishTableViewCell.m */ = {isa = PBXFileReference; fileEncoding = 4; lastKnownFileType = sourcecode.c.objc; path = DishTableViewCell.m; sourceTree = "<group>"; };
		FC91487819D42303008E1343 /* DishOptionTableViewCell.h */ = {isa = PBXFileReference; fileEncoding = 4; lastKnownFileType = sourcecode.c.h; path = DishOptionTableViewCell.h; sourceTree = "<group>"; };
		FC91487919D42303008E1343 /* DishOptionTableViewCell.m */ = {isa = PBXFileReference; fileEncoding = 4; lastKnownFileType = sourcecode.c.objc; path = DishOptionTableViewCell.m; sourceTree = "<group>"; };
		FCAE169A19E2C320002C698F /* EditDishViewController.h */ = {isa = PBXFileReference; fileEncoding = 4; lastKnownFileType = sourcecode.c.h; path = EditDishViewController.h; sourceTree = "<group>"; };
		FCAE169B19E2C320002C698F /* EditDishViewController.m */ = {isa = PBXFileReference; fileEncoding = 4; lastKnownFileType = sourcecode.c.objc; path = EditDishViewController.m; sourceTree = "<group>"; };
		FCCF931219DEC2D500C2F3F2 /* UIColor+ApplicationColours.h */ = {isa = PBXFileReference; fileEncoding = 4; lastKnownFileType = sourcecode.c.h; path = "UIColor+ApplicationColours.h"; sourceTree = "<group>"; };
		FCCF931319DEC2D500C2F3F2 /* UIColor+ApplicationColours.m */ = {isa = PBXFileReference; fileEncoding = 4; lastKnownFileType = sourcecode.c.objc; path = "UIColor+ApplicationColours.m"; sourceTree = "<group>"; };
		FCE2EEB819BDEC0100B8E354 /* Manager.app */ = {isa = PBXFileReference; explicitFileType = wrapper.application; includeInIndex = 0; path = Manager.app; sourceTree = BUILT_PRODUCTS_DIR; };
		FCE2EEBC19BDEC0100B8E354 /* Info.plist */ = {isa = PBXFileReference; lastKnownFileType = text.plist.xml; path = Info.plist; sourceTree = "<group>"; };
		FCE2EEBD19BDEC0100B8E354 /* main.m */ = {isa = PBXFileReference; lastKnownFileType = sourcecode.c.objc; path = main.m; sourceTree = "<group>"; };
		FCE2EEBF19BDEC0100B8E354 /* AppDelegate.h */ = {isa = PBXFileReference; lastKnownFileType = sourcecode.c.h; path = AppDelegate.h; sourceTree = "<group>"; };
		FCE2EEC019BDEC0100B8E354 /* AppDelegate.m */ = {isa = PBXFileReference; lastKnownFileType = sourcecode.c.objc; path = AppDelegate.m; sourceTree = "<group>"; };
		FCE2EEC619BDEC0100B8E354 /* Base */ = {isa = PBXFileReference; lastKnownFileType = file.storyboard; name = Base; path = Base.lproj/Main.storyboard; sourceTree = "<group>"; };
		FCE2EEC819BDEC0100B8E354 /* Images.xcassets */ = {isa = PBXFileReference; lastKnownFileType = folder.assetcatalog; path = Images.xcassets; sourceTree = "<group>"; };
		FCE2EECE19BDEC0100B8E354 /* ManagerTests.xctest */ = {isa = PBXFileReference; explicitFileType = wrapper.cfbundle; includeInIndex = 0; path = ManagerTests.xctest; sourceTree = BUILT_PRODUCTS_DIR; };
		FCE2EED319BDEC0100B8E354 /* Info.plist */ = {isa = PBXFileReference; lastKnownFileType = text.plist.xml; path = Info.plist; sourceTree = "<group>"; };
		FCE2EED419BDEC0100B8E354 /* ManagerTests.m */ = {isa = PBXFileReference; lastKnownFileType = sourcecode.c.objc; path = ManagerTests.m; sourceTree = "<group>"; };
		FCE2EEDE19BDED1500B8E354 /* AudioToolbox.framework */ = {isa = PBXFileReference; lastKnownFileType = wrapper.framework; name = AudioToolbox.framework; path = System/Library/Frameworks/AudioToolbox.framework; sourceTree = SDKROOT; };
		FCE2EEE019BDED1A00B8E354 /* CFNetwork.framework */ = {isa = PBXFileReference; lastKnownFileType = wrapper.framework; name = CFNetwork.framework; path = System/Library/Frameworks/CFNetwork.framework; sourceTree = SDKROOT; };
		FCE2EEE219BDED2000B8E354 /* CoreGraphics.framework */ = {isa = PBXFileReference; lastKnownFileType = wrapper.framework; name = CoreGraphics.framework; path = System/Library/Frameworks/CoreGraphics.framework; sourceTree = SDKROOT; };
		FCE2EEE419BDED2400B8E354 /* CoreLocation.framework */ = {isa = PBXFileReference; lastKnownFileType = wrapper.framework; name = CoreLocation.framework; path = System/Library/Frameworks/CoreLocation.framework; sourceTree = SDKROOT; };
		FCE2EEE619BDED3000B8E354 /* MobileCoreServices.framework */ = {isa = PBXFileReference; lastKnownFileType = wrapper.framework; name = MobileCoreServices.framework; path = System/Library/Frameworks/MobileCoreServices.framework; sourceTree = SDKROOT; };
		FCE2EEE819BDED3400B8E354 /* QuartzCore.framework */ = {isa = PBXFileReference; lastKnownFileType = wrapper.framework; name = QuartzCore.framework; path = System/Library/Frameworks/QuartzCore.framework; sourceTree = SDKROOT; };
		FCE2EEEA19BDED3B00B8E354 /* Security.framework */ = {isa = PBXFileReference; lastKnownFileType = wrapper.framework; name = Security.framework; path = System/Library/Frameworks/Security.framework; sourceTree = SDKROOT; };
		FCE2EEEC19BDED3F00B8E354 /* StoreKit.framework */ = {isa = PBXFileReference; lastKnownFileType = wrapper.framework; name = StoreKit.framework; path = System/Library/Frameworks/StoreKit.framework; sourceTree = SDKROOT; };
		FCE2EEEE19BDED4700B8E354 /* SystemConfiguration.framework */ = {isa = PBXFileReference; lastKnownFileType = wrapper.framework; name = SystemConfiguration.framework; path = System/Library/Frameworks/SystemConfiguration.framework; sourceTree = SDKROOT; };
		FCE2EEF019BDED5200B8E354 /* Bolts.framework */ = {isa = PBXFileReference; lastKnownFileType = wrapper.framework; name = Bolts.framework; path = "../../Frameworks/parse-library-1/Bolts.framework"; sourceTree = "<group>"; };
		FCE2EEF119BDED5200B8E354 /* Parse.framework */ = {isa = PBXFileReference; lastKnownFileType = wrapper.framework; name = Parse.framework; path = "../../Frameworks/parse-library-1/Parse.framework"; sourceTree = "<group>"; };
		FCE2EEF219BDED5200B8E354 /* ParseFacebookUtils.framework */ = {isa = PBXFileReference; lastKnownFileType = wrapper.framework; name = ParseFacebookUtils.framework; path = "../../Frameworks/parse-library-1/ParseFacebookUtils.framework"; sourceTree = "<group>"; };
		FCE2EEF719BDEE5500B8E354 /* LoginViewController.h */ = {isa = PBXFileReference; fileEncoding = 4; lastKnownFileType = sourcecode.c.h; path = LoginViewController.h; sourceTree = "<group>"; };
		FCE2EEF819BDEE5500B8E354 /* LoginViewController.m */ = {isa = PBXFileReference; fileEncoding = 4; lastKnownFileType = sourcecode.c.objc; path = LoginViewController.m; sourceTree = "<group>"; };
		FCE2EEFA19BDEE6800B8E354 /* SignupViewController.h */ = {isa = PBXFileReference; fileEncoding = 4; lastKnownFileType = sourcecode.c.h; path = SignupViewController.h; sourceTree = "<group>"; };
		FCE2EEFB19BDEE6800B8E354 /* SignupViewController.m */ = {isa = PBXFileReference; fileEncoding = 4; lastKnownFileType = sourcecode.c.objc; path = SignupViewController.m; sourceTree = "<group>"; };
		FCE2EF0119BDEECF00B8E354 /* CourseViewController.h */ = {isa = PBXFileReference; fileEncoding = 4; lastKnownFileType = sourcecode.c.h; path = CourseViewController.h; sourceTree = "<group>"; };
		FCE2EF0219BDEECF00B8E354 /* CourseViewController.m */ = {isa = PBXFileReference; fileEncoding = 4; lastKnownFileType = sourcecode.c.objc; path = CourseViewController.m; sourceTree = "<group>"; };
		FCE2EF0419BDEF7D00B8E354 /* DishViewController.h */ = {isa = PBXFileReference; fileEncoding = 4; lastKnownFileType = sourcecode.c.h; path = DishViewController.h; sourceTree = "<group>"; };
		FCE2EF0519BDEF7D00B8E354 /* DishViewController.m */ = {isa = PBXFileReference; fileEncoding = 4; lastKnownFileType = sourcecode.c.objc; path = DishViewController.m; sourceTree = "<group>"; };
		FCE2EF0819BDEFE800B8E354 /* OverviewViewController.h */ = {isa = PBXFileReference; fileEncoding = 4; lastKnownFileType = sourcecode.c.h; path = OverviewViewController.h; sourceTree = "<group>"; };
		FCE2EF0919BDEFE800B8E354 /* OverviewViewController.m */ = {isa = PBXFileReference; fileEncoding = 4; lastKnownFileType = sourcecode.c.objc; path = OverviewViewController.m; sourceTree = "<group>"; };
		FCE2EF0F19BF42F600B8E354 /* SettingsViewController.h */ = {isa = PBXFileReference; fileEncoding = 4; lastKnownFileType = sourcecode.c.h; path = SettingsViewController.h; sourceTree = "<group>"; };
		FCE2EF1019BF42F600B8E354 /* SettingsViewController.m */ = {isa = PBXFileReference; fileEncoding = 4; lastKnownFileType = sourcecode.c.objc; path = SettingsViewController.m; sourceTree = "<group>"; };
		FCE2EF1319BF609200B8E354 /* WaiterViewController.h */ = {isa = PBXFileReference; fileEncoding = 4; lastKnownFileType = sourcecode.c.h; path = WaiterViewController.h; sourceTree = "<group>"; };
		FCE2EF1419BF609200B8E354 /* WaiterViewController.m */ = {isa = PBXFileReference; fileEncoding = 4; lastKnownFileType = sourcecode.c.objc; path = WaiterViewController.m; sourceTree = "<group>"; };
		FCED176B19E434B9002C689D /* OrderTableViewCell.h */ = {isa = PBXFileReference; fileEncoding = 4; lastKnownFileType = sourcecode.c.h; path = OrderTableViewCell.h; sourceTree = "<group>"; };
		FCED176C19E434B9002C689D /* OrderTableViewCell.m */ = {isa = PBXFileReference; fileEncoding = 4; lastKnownFileType = sourcecode.c.objc; path = OrderTableViewCell.m; sourceTree = "<group>"; };
/* End PBXFileReference section */

/* Begin PBXFrameworksBuildPhase section */
		FCE2EEB519BDEC0100B8E354 /* Frameworks */ = {
			isa = PBXFrameworksBuildPhase;
			buildActionMask = 2147483647;
			files = (
				FCE2EEEF19BDED4700B8E354 /* SystemConfiguration.framework in Frameworks */,
				FCE2EEED19BDED3F00B8E354 /* StoreKit.framework in Frameworks */,
				FCE2EEEB19BDED3B00B8E354 /* Security.framework in Frameworks */,
				FCE2EEE919BDED3400B8E354 /* QuartzCore.framework in Frameworks */,
				FCE2EEE719BDED3000B8E354 /* MobileCoreServices.framework in Frameworks */,
				FCE2EEE519BDED2400B8E354 /* CoreLocation.framework in Frameworks */,
				FCE2EEE319BDED2000B8E354 /* CoreGraphics.framework in Frameworks */,
				FCE2EEE119BDED1A00B8E354 /* CFNetwork.framework in Frameworks */,
				FCE2EEDF19BDED1500B8E354 /* AudioToolbox.framework in Frameworks */,
				FC35007A19F57E0500A71D8B /* Bolts.framework in Frameworks */,
				FC35007B19F57E0500A71D8B /* Parse.framework in Frameworks */,
				FC35007C19F57E0500A71D8B /* ParseFacebookUtils.framework in Frameworks */,
			);
			runOnlyForDeploymentPostprocessing = 0;
		};
		FCE2EECB19BDEC0100B8E354 /* Frameworks */ = {
			isa = PBXFrameworksBuildPhase;
			buildActionMask = 2147483647;
			files = (
				FCB367591A0BABDC00947A3F /* Bolts.framework in Frameworks */,
				FCB3675A1A0BABDC00947A3F /* Parse.framework in Frameworks */,
				FCB3675B1A0BABDC00947A3F /* ParseFacebookUtils.framework in Frameworks */,
				FCB3675C1A0BABDC00947A3F /* SystemConfiguration.framework in Frameworks */,
				FCB3675D1A0BABDC00947A3F /* StoreKit.framework in Frameworks */,
				FCB3675E1A0BABDC00947A3F /* Security.framework in Frameworks */,
				FCB3675F1A0BABDC00947A3F /* QuartzCore.framework in Frameworks */,
				FCB367601A0BABDC00947A3F /* MobileCoreServices.framework in Frameworks */,
				FCB367611A0BABDC00947A3F /* CoreLocation.framework in Frameworks */,
				FCB367621A0BABDC00947A3F /* CoreGraphics.framework in Frameworks */,
				FCB367631A0BABDC00947A3F /* CFNetwork.framework in Frameworks */,
				FCB367641A0BABDC00947A3F /* AudioToolbox.framework in Frameworks */,
			);
			runOnlyForDeploymentPostprocessing = 0;
		};
/* End PBXFrameworksBuildPhase section */

/* Begin PBXGroup section */
		FC47A3321A0B925B002F7D7D /* View Order */ = {
			isa = PBXGroup;
			children = (
				FC47A32C1A0B9254002F7D7D /* ViewOrderViewController.h */,
				FC47A32D1A0B9254002F7D7D /* ViewOrderViewController.m */,
				FC47A32E1A0B9254002F7D7D /* OrderItemTableViewCell.h */,
				FC47A32F1A0B9254002F7D7D /* OrderItemTableViewCell.m */,
			);
			name = "View Order";
			sourceTree = "<group>";
		};
		FC91487B19D42312008E1343 /* Course */ = {
			isa = PBXGroup;
			children = (
				FCE2EF0119BDEECF00B8E354 /* CourseViewController.h */,
				FCE2EF0219BDEECF00B8E354 /* CourseViewController.m */,
				FC91486F19D1BBE9008E1343 /* CourseTableViewCell.h */,
				FC91487019D1BBE9008E1343 /* CourseTableViewCell.m */,
				FC91486C19D1B623008E1343 /* AddCourseViewController.h */,
				FC91486D19D1B623008E1343 /* AddCourseViewController.m */,
			);
			name = Course;
			sourceTree = "<group>";
		};
		FC91487C19D4231E008E1343 /* Dish */ = {
			isa = PBXGroup;
			children = (
				FCE2EF0419BDEF7D00B8E354 /* DishViewController.h */,
				FCE2EF0519BDEF7D00B8E354 /* DishViewController.m */,
				FCAE169A19E2C320002C698F /* EditDishViewController.h */,
				FCAE169B19E2C320002C698F /* EditDishViewController.m */,
				FC91487519D1C3D4008E1343 /* DishTableViewCell.h */,
				FC91487619D1C3D4008E1343 /* DishTableViewCell.m */,
				FC91487219D1C338008E1343 /* AddDishViewController.h */,
				FC91487319D1C338008E1343 /* AddDishViewController.m */,
				FC91487819D42303008E1343 /* DishOptionTableViewCell.h */,
				FC91487919D42303008E1343 /* DishOptionTableViewCell.m */,
			);
			name = Dish;
			sourceTree = "<group>";
		};
		FCE2EEAF19BDEC0000B8E354 = {
			isa = PBXGroup;
			children = (
				FCE2EEBA19BDEC0100B8E354 /* Manager */,
				FCE2EED119BDEC0100B8E354 /* ManagerTests */,
				FCE2EEF619BDED5900B8E354 /* Frameworks */,
				FCE2EEB919BDEC0100B8E354 /* Products */,
			);
			sourceTree = "<group>";
		};
		FCE2EEB919BDEC0100B8E354 /* Products */ = {
			isa = PBXGroup;
			children = (
				FCE2EEB819BDEC0100B8E354 /* Manager.app */,
				FCE2EECE19BDEC0100B8E354 /* ManagerTests.xctest */,
			);
			name = Products;
			sourceTree = "<group>";
		};
		FCE2EEBA19BDEC0100B8E354 /* Manager */ = {
			isa = PBXGroup;
			children = (
				FCE2EEFF19BDEE9400B8E354 /* Controller */,
				FCE2EF0019BDEE9B00B8E354 /* View */,
				FCE2EEC819BDEC0100B8E354 /* Images.xcassets */,
				FCE2EEBB19BDEC0100B8E354 /* Supporting Files */,
			);
			path = Manager;
			sourceTree = "<group>";
		};
		FCE2EEBB19BDEC0100B8E354 /* Supporting Files */ = {
			isa = PBXGroup;
			children = (
				FCCF931219DEC2D500C2F3F2 /* UIColor+ApplicationColours.h */,
				FCCF931319DEC2D500C2F3F2 /* UIColor+ApplicationColours.m */,
				FCE2EEBF19BDEC0100B8E354 /* AppDelegate.h */,
				FCE2EEC019BDEC0100B8E354 /* AppDelegate.m */,
				FCE2EEBC19BDEC0100B8E354 /* Info.plist */,
				FCE2EEBD19BDEC0100B8E354 /* main.m */,
			);
			name = "Supporting Files";
			sourceTree = "<group>";
		};
		FCE2EED119BDEC0100B8E354 /* ManagerTests */ = {
			isa = PBXGroup;
			children = (
				FCE2EED419BDEC0100B8E354 /* ManagerTests.m */,
				FCE2EED219BDEC0100B8E354 /* Supporting Files */,
			);
			path = ManagerTests;
			sourceTree = "<group>";
		};
		FCE2EED219BDEC0100B8E354 /* Supporting Files */ = {
			isa = PBXGroup;
			children = (
				FCE2EED319BDEC0100B8E354 /* Info.plist */,
			);
			name = "Supporting Files";
			sourceTree = "<group>";
		};
		FCE2EEF619BDED5900B8E354 /* Frameworks */ = {
			isa = PBXGroup;
			children = (
				FC35007719F57E0500A71D8B /* Bolts.framework */,
				FC35007819F57E0500A71D8B /* Parse.framework */,
				FC35007919F57E0500A71D8B /* ParseFacebookUtils.framework */,
				FCE2EEF019BDED5200B8E354 /* Bolts.framework */,
				FCE2EEF119BDED5200B8E354 /* Parse.framework */,
				FCE2EEF219BDED5200B8E354 /* ParseFacebookUtils.framework */,
				FCE2EEEE19BDED4700B8E354 /* SystemConfiguration.framework */,
				FCE2EEEC19BDED3F00B8E354 /* StoreKit.framework */,
				FCE2EEEA19BDED3B00B8E354 /* Security.framework */,
				FCE2EEE819BDED3400B8E354 /* QuartzCore.framework */,
				FCE2EEE619BDED3000B8E354 /* MobileCoreServices.framework */,
				FCE2EEE419BDED2400B8E354 /* CoreLocation.framework */,
				FCE2EEE219BDED2000B8E354 /* CoreGraphics.framework */,
				FCE2EEE019BDED1A00B8E354 /* CFNetwork.framework */,
				FCE2EEDE19BDED1500B8E354 /* AudioToolbox.framework */,
			);
			name = Frameworks;
			sourceTree = "<group>";
		};
		FCE2EEFE19BDEE8A00B8E354 /* Authentication */ = {
			isa = PBXGroup;
			children = (
				FCE2EEF719BDEE5500B8E354 /* LoginViewController.h */,
				FCE2EEF819BDEE5500B8E354 /* LoginViewController.m */,
				FCE2EEFA19BDEE6800B8E354 /* SignupViewController.h */,
				FCE2EEFB19BDEE6800B8E354 /* SignupViewController.m */,
			);
			name = Authentication;
			sourceTree = "<group>";
		};
		FCE2EEFF19BDEE9400B8E354 /* Controller */ = {
			isa = PBXGroup;
			children = (
				FCE2EEFE19BDEE8A00B8E354 /* Authentication */,
				FCE2EF0B19BDEFED00B8E354 /* Overview */,
				FCE2EF0719BDEF8700B8E354 /* Menu */,
				FCE2EF1219BF430500B8E354 /* Settings */,
			);
			name = Controller;
			sourceTree = "<group>";
		};
		FCE2EF0019BDEE9B00B8E354 /* View */ = {
			isa = PBXGroup;
			children = (
				FCE2EEC519BDEC0100B8E354 /* Main.storyboard */,
			);
			name = View;
			sourceTree = "<group>";
		};
		FCE2EF0719BDEF8700B8E354 /* Menu */ = {
			isa = PBXGroup;
			children = (
				FC91487B19D42312008E1343 /* Course */,
				FC91487C19D4231E008E1343 /* Dish */,
			);
			name = Menu;
			sourceTree = "<group>";
		};
		FCE2EF0B19BDEFED00B8E354 /* Overview */ = {
			isa = PBXGroup;
			children = (
				FCE2EF0819BDEFE800B8E354 /* OverviewViewController.h */,
				FCE2EF0919BDEFE800B8E354 /* OverviewViewController.m */,
				FCED176B19E434B9002C689D /* OrderTableViewCell.h */,
				FCED176C19E434B9002C689D /* OrderTableViewCell.m */,
				FC47A3321A0B925B002F7D7D /* View Order */,
			);
			name = Overview;
			sourceTree = "<group>";
		};
		FCE2EF1219BF430500B8E354 /* Settings */ = {
			isa = PBXGroup;
			children = (
				FCE2EF0F19BF42F600B8E354 /* SettingsViewController.h */,
				FCE2EF1019BF42F600B8E354 /* SettingsViewController.m */,
				FCE2EF1319BF609200B8E354 /* WaiterViewController.h */,
				FCE2EF1419BF609200B8E354 /* WaiterViewController.m */,
			);
			name = Settings;
			sourceTree = "<group>";
		};
/* End PBXGroup section */

/* Begin PBXNativeTarget section */
		FCE2EEB719BDEC0100B8E354 /* Manager */ = {
			isa = PBXNativeTarget;
			buildConfigurationList = FCE2EED819BDEC0100B8E354 /* Build configuration list for PBXNativeTarget "Manager" */;
			buildPhases = (
				FCE2EEB419BDEC0100B8E354 /* Sources */,
				FCE2EEB519BDEC0100B8E354 /* Frameworks */,
				FCE2EEB619BDEC0100B8E354 /* Resources */,
			);
			buildRules = (
			);
			dependencies = (
			);
			name = Manager;
			productName = Manager;
			productReference = FCE2EEB819BDEC0100B8E354 /* Manager.app */;
			productType = "com.apple.product-type.application";
		};
		FCE2EECD19BDEC0100B8E354 /* ManagerTests */ = {
			isa = PBXNativeTarget;
			buildConfigurationList = FCE2EEDB19BDEC0100B8E354 /* Build configuration list for PBXNativeTarget "ManagerTests" */;
			buildPhases = (
				FCE2EECA19BDEC0100B8E354 /* Sources */,
				FCE2EECB19BDEC0100B8E354 /* Frameworks */,
				FCE2EECC19BDEC0100B8E354 /* Resources */,
			);
			buildRules = (
			);
			dependencies = (
				FCE2EED019BDEC0100B8E354 /* PBXTargetDependency */,
			);
			name = ManagerTests;
			productName = ManagerTests;
			productReference = FCE2EECE19BDEC0100B8E354 /* ManagerTests.xctest */;
			productType = "com.apple.product-type.bundle.unit-test";
		};
/* End PBXNativeTarget section */

/* Begin PBXProject section */
		FCE2EEB019BDEC0100B8E354 /* Project object */ = {
			isa = PBXProject;
			attributes = {
				LastUpgradeCheck = 0600;
				ORGANIZATIONNAME = "Dylan Lewis";
				TargetAttributes = {
					FCE2EEB719BDEC0100B8E354 = {
						CreatedOnToolsVersion = 6.0;
						DevelopmentTeam = 5D6MUHPE98;
					};
					FCE2EECD19BDEC0100B8E354 = {
						CreatedOnToolsVersion = 6.0;
						TestTargetID = FCE2EEB719BDEC0100B8E354;
					};
				};
			};
			buildConfigurationList = FCE2EEB319BDEC0100B8E354 /* Build configuration list for PBXProject "Manager" */;
			compatibilityVersion = "Xcode 3.2";
			developmentRegion = English;
			hasScannedForEncodings = 0;
			knownRegions = (
				en,
				Base,
			);
			mainGroup = FCE2EEAF19BDEC0000B8E354;
			productRefGroup = FCE2EEB919BDEC0100B8E354 /* Products */;
			projectDirPath = "";
			projectRoot = "";
			targets = (
				FCE2EEB719BDEC0100B8E354 /* Manager */,
				FCE2EECD19BDEC0100B8E354 /* ManagerTests */,
			);
		};
/* End PBXProject section */

/* Begin PBXResourcesBuildPhase section */
		FCE2EEB619BDEC0100B8E354 /* Resources */ = {
			isa = PBXResourcesBuildPhase;
			buildActionMask = 2147483647;
			files = (
				FCE2EEC719BDEC0100B8E354 /* Main.storyboard in Resources */,
				FCE2EEC919BDEC0100B8E354 /* Images.xcassets in Resources */,
			);
			runOnlyForDeploymentPostprocessing = 0;
		};
		FCE2EECC19BDEC0100B8E354 /* Resources */ = {
			isa = PBXResourcesBuildPhase;
			buildActionMask = 2147483647;
			files = (
			);
			runOnlyForDeploymentPostprocessing = 0;
		};
/* End PBXResourcesBuildPhase section */

/* Begin PBXSourcesBuildPhase section */
		FCE2EEB419BDEC0100B8E354 /* Sources */ = {
			isa = PBXSourcesBuildPhase;
			buildActionMask = 2147483647;
			files = (
				FCAE169C19E2C320002C698F /* EditDishViewController.m in Sources */,
				FCE2EEC119BDEC0100B8E354 /* AppDelegate.m in Sources */,
				FC47A3301A0B9254002F7D7D /* ViewOrderViewController.m in Sources */,
				FC91486E19D1B623008E1343 /* AddCourseViewController.m in Sources */,
				FCE2EF0A19BDEFE800B8E354 /* OverviewViewController.m in Sources */,
				FCE2EEBE19BDEC0100B8E354 /* main.m in Sources */,
				FC91487719D1C3D4008E1343 /* DishTableViewCell.m in Sources */,
				FCE2EF1119BF42F600B8E354 /* SettingsViewController.m in Sources */,
				FC91487119D1BBE9008E1343 /* CourseTableViewCell.m in Sources */,
				FCE2EEFC19BDEE6800B8E354 /* SignupViewController.m in Sources */,
				FCE2EEF919BDEE5500B8E354 /* LoginViewController.m in Sources */,
				FCE2EF0619BDEF7D00B8E354 /* DishViewController.m in Sources */,
				FCE2EF1519BF609200B8E354 /* WaiterViewController.m in Sources */,
				FC91487419D1C338008E1343 /* AddDishViewController.m in Sources */,
				FC91487A19D42303008E1343 /* DishOptionTableViewCell.m in Sources */,
				FCED176D19E434B9002C689D /* OrderTableViewCell.m in Sources */,
				FCE2EF0319BDEECF00B8E354 /* CourseViewController.m in Sources */,
				FC47A3311A0B9254002F7D7D /* OrderItemTableViewCell.m in Sources */,
				FCCF931419DEC2D500C2F3F2 /* UIColor+ApplicationColours.m in Sources */,
			);
			runOnlyForDeploymentPostprocessing = 0;
		};
		FCE2EECA19BDEC0100B8E354 /* Sources */ = {
			isa = PBXSourcesBuildPhase;
			buildActionMask = 2147483647;
			files = (
				FCE2EED519BDEC0100B8E354 /* ManagerTests.m in Sources */,
			);
			runOnlyForDeploymentPostprocessing = 0;
		};
/* End PBXSourcesBuildPhase section */

/* Begin PBXTargetDependency section */
		FCE2EED019BDEC0100B8E354 /* PBXTargetDependency */ = {
			isa = PBXTargetDependency;
			target = FCE2EEB719BDEC0100B8E354 /* Manager */;
			targetProxy = FCE2EECF19BDEC0100B8E354 /* PBXContainerItemProxy */;
		};
/* End PBXTargetDependency section */

/* Begin PBXVariantGroup section */
		FCE2EEC519BDEC0100B8E354 /* Main.storyboard */ = {
			isa = PBXVariantGroup;
			children = (
				FCE2EEC619BDEC0100B8E354 /* Base */,
			);
			name = Main.storyboard;
			sourceTree = "<group>";
		};
/* End PBXVariantGroup section */

/* Begin XCBuildConfiguration section */
		FCE2EED619BDEC0100B8E354 /* Debug */ = {
			isa = XCBuildConfiguration;
			buildSettings = {
				ALWAYS_SEARCH_USER_PATHS = NO;
				CLANG_CXX_LANGUAGE_STANDARD = "gnu++0x";
				CLANG_CXX_LIBRARY = "libc++";
				CLANG_ENABLE_MODULES = YES;
				CLANG_ENABLE_OBJC_ARC = YES;
				CLANG_WARN_BOOL_CONVERSION = YES;
				CLANG_WARN_CONSTANT_CONVERSION = YES;
				CLANG_WARN_DIRECT_OBJC_ISA_USAGE = YES_ERROR;
				CLANG_WARN_EMPTY_BODY = YES;
				CLANG_WARN_ENUM_CONVERSION = YES;
				CLANG_WARN_INT_CONVERSION = YES;
				CLANG_WARN_OBJC_ROOT_CLASS = YES_ERROR;
				CLANG_WARN_UNREACHABLE_CODE = YES;
				CLANG_WARN__DUPLICATE_METHOD_MATCH = YES;
				"CODE_SIGN_IDENTITY[sdk=iphoneos*]" = "iPhone Developer";
				COPY_PHASE_STRIP = NO;
				ENABLE_STRICT_OBJC_MSGSEND = YES;
				GCC_C_LANGUAGE_STANDARD = gnu99;
				GCC_DYNAMIC_NO_PIC = NO;
				GCC_OPTIMIZATION_LEVEL = 0;
				GCC_PREPROCESSOR_DEFINITIONS = (
					"DEBUG=1",
					"$(inherited)",
				);
				GCC_SYMBOLS_PRIVATE_EXTERN = NO;
				GCC_WARN_64_TO_32_BIT_CONVERSION = YES;
				GCC_WARN_ABOUT_RETURN_TYPE = YES_ERROR;
				GCC_WARN_UNDECLARED_SELECTOR = YES;
				GCC_WARN_UNINITIALIZED_AUTOS = YES_AGGRESSIVE;
				GCC_WARN_UNUSED_FUNCTION = YES;
				GCC_WARN_UNUSED_VARIABLE = YES;
				IPHONEOS_DEPLOYMENT_TARGET = 8.0;
				MTL_ENABLE_DEBUG_INFO = YES;
				ONLY_ACTIVE_ARCH = YES;
				SDKROOT = iphoneos;
			};
			name = Debug;
		};
		FCE2EED719BDEC0100B8E354 /* Release */ = {
			isa = XCBuildConfiguration;
			buildSettings = {
				ALWAYS_SEARCH_USER_PATHS = NO;
				CLANG_CXX_LANGUAGE_STANDARD = "gnu++0x";
				CLANG_CXX_LIBRARY = "libc++";
				CLANG_ENABLE_MODULES = YES;
				CLANG_ENABLE_OBJC_ARC = YES;
				CLANG_WARN_BOOL_CONVERSION = YES;
				CLANG_WARN_CONSTANT_CONVERSION = YES;
				CLANG_WARN_DIRECT_OBJC_ISA_USAGE = YES_ERROR;
				CLANG_WARN_EMPTY_BODY = YES;
				CLANG_WARN_ENUM_CONVERSION = YES;
				CLANG_WARN_INT_CONVERSION = YES;
				CLANG_WARN_OBJC_ROOT_CLASS = YES_ERROR;
				CLANG_WARN_UNREACHABLE_CODE = YES;
				CLANG_WARN__DUPLICATE_METHOD_MATCH = YES;
				"CODE_SIGN_IDENTITY[sdk=iphoneos*]" = "iPhone Developer";
				COPY_PHASE_STRIP = YES;
				ENABLE_NS_ASSERTIONS = NO;
				ENABLE_STRICT_OBJC_MSGSEND = YES;
				GCC_C_LANGUAGE_STANDARD = gnu99;
				GCC_WARN_64_TO_32_BIT_CONVERSION = YES;
				GCC_WARN_ABOUT_RETURN_TYPE = YES_ERROR;
				GCC_WARN_UNDECLARED_SELECTOR = YES;
				GCC_WARN_UNINITIALIZED_AUTOS = YES_AGGRESSIVE;
				GCC_WARN_UNUSED_FUNCTION = YES;
				GCC_WARN_UNUSED_VARIABLE = YES;
				IPHONEOS_DEPLOYMENT_TARGET = 8.0;
				MTL_ENABLE_DEBUG_INFO = NO;
				SDKROOT = iphoneos;
				VALIDATE_PRODUCT = YES;
			};
			name = Release;
		};
		FCE2EED919BDEC0100B8E354 /* Debug */ = {
			isa = XCBuildConfiguration;
			buildSettings = {
				ASSETCATALOG_COMPILER_APPICON_NAME = AppIcon;
				ASSETCATALOG_COMPILER_LAUNCHIMAGE_NAME = LaunchImage;
				CODE_SIGN_IDENTITY = "iPhone Developer";
				"CODE_SIGN_IDENTITY[sdk=iphoneos*]" = "iPhone Developer";
				FRAMEWORK_SEARCH_PATHS = (
					"$(inherited)",
					"/Users/dylan/Dropbox/Developer/Frameworks/parse-library-1",
					"$(PROJECT_DIR)",
				);
				INFOPLIST_FILE = Manager/Info.plist;
				LD_RUNPATH_SEARCH_PATHS = "$(inherited) @executable_path/Frameworks";
				PRODUCT_NAME = "$(TARGET_NAME)";
				PROVISIONING_PROFILE = "";
			};
			name = Debug;
		};
		FCE2EEDA19BDEC0100B8E354 /* Release */ = {
			isa = XCBuildConfiguration;
			buildSettings = {
				ASSETCATALOG_COMPILER_APPICON_NAME = AppIcon;
				ASSETCATALOG_COMPILER_LAUNCHIMAGE_NAME = LaunchImage;
				CODE_SIGN_IDENTITY = "iPhone Developer";
				"CODE_SIGN_IDENTITY[sdk=iphoneos*]" = "iPhone Developer";
				FRAMEWORK_SEARCH_PATHS = (
					"$(inherited)",
					"/Users/dylan/Dropbox/Developer/Frameworks/parse-library-1",
					"$(PROJECT_DIR)",
				);
				INFOPLIST_FILE = Manager/Info.plist;
				LD_RUNPATH_SEARCH_PATHS = "$(inherited) @executable_path/Frameworks";
				PRODUCT_NAME = "$(TARGET_NAME)";
				PROVISIONING_PROFILE = "";
			};
			name = Release;
		};
		FCE2EEDC19BDEC0100B8E354 /* Debug */ = {
			isa = XCBuildConfiguration;
			buildSettings = {
				BUNDLE_LOADER = "$(TEST_HOST)";
				FRAMEWORK_SEARCH_PATHS = (
					"$(SDKROOT)/Developer/Library/Frameworks",
					"$(inherited)",
					"$(PROJECT_DIR)",
					"/Users/dylan/Dropbox/Developer/Frameworks/parse-library-1",
				);
				GCC_PREPROCESSOR_DEFINITIONS = (
					"DEBUG=1",
					"$(inherited)",
				);
				INFOPLIST_FILE = ManagerTests/Info.plist;
				LD_RUNPATH_SEARCH_PATHS = "$(inherited) @executable_path/Frameworks @loader_path/Frameworks";
				PRODUCT_NAME = "$(TARGET_NAME)";
				TEST_HOST = "$(BUILT_PRODUCTS_DIR)/Manager.app/Manager";
			};
			name = Debug;
		};
		FCE2EEDD19BDEC0100B8E354 /* Release */ = {
			isa = XCBuildConfiguration;
			buildSettings = {
				BUNDLE_LOADER = "$(TEST_HOST)";
				FRAMEWORK_SEARCH_PATHS = (
					"$(SDKROOT)/Developer/Library/Frameworks",
					"$(inherited)",
					"$(PROJECT_DIR)",
					"/Users/dylan/Dropbox/Developer/Frameworks/parse-library-1",
				);
				INFOPLIST_FILE = ManagerTests/Info.plist;
				LD_RUNPATH_SEARCH_PATHS = "$(inherited) @executable_path/Frameworks @loader_path/Frameworks";
				PRODUCT_NAME = "$(TARGET_NAME)";
				TEST_HOST = "$(BUILT_PRODUCTS_DIR)/Manager.app/Manager";
			};
			name = Release;
		};
/* End XCBuildConfiguration section */

/* Begin XCConfigurationList section */
		FCE2EEB319BDEC0100B8E354 /* Build configuration list for PBXProject "Manager" */ = {
			isa = XCConfigurationList;
			buildConfigurations = (
				FCE2EED619BDEC0100B8E354 /* Debug */,
				FCE2EED719BDEC0100B8E354 /* Release */,
			);
			defaultConfigurationIsVisible = 0;
			defaultConfigurationName = Release;
		};
		FCE2EED819BDEC0100B8E354 /* Build configuration list for PBXNativeTarget "Manager" */ = {
			isa = XCConfigurationList;
			buildConfigurations = (
				FCE2EED919BDEC0100B8E354 /* Debug */,
				FCE2EEDA19BDEC0100B8E354 /* Release */,
			);
			defaultConfigurationIsVisible = 0;
			defaultConfigurationName = Release;
		};
		FCE2EEDB19BDEC0100B8E354 /* Build configuration list for PBXNativeTarget "ManagerTests" */ = {
			isa = XCConfigurationList;
			buildConfigurations = (
				FCE2EEDC19BDEC0100B8E354 /* Debug */,
				FCE2EEDD19BDEC0100B8E354 /* Release */,
			);
			defaultConfigurationIsVisible = 0;
			defaultConfigurationName = Release;
		};
/* End XCConfigurationList section */
	};
	rootObject = FCE2EEB019BDEC0100B8E354 /* Project object */;
}
